// !$*UTF8*$!
{
	archiveVersion = 1;
	classes = {
	};
	objectVersion = 46;
	objects = {

/* Begin PBXBuildFile section */
		80BC5CA818C92C750016A676 /* Foundation.framework in Frameworks */ = {isa = PBXBuildFile; fileRef = 80BC5CA718C92C750016A676 /* Foundation.framework */; };
		80BC5CAA18C92C750016A676 /* CoreGraphics.framework in Frameworks */ = {isa = PBXBuildFile; fileRef = 80BC5CA918C92C750016A676 /* CoreGraphics.framework */; };
		80BC5CAC18C92C750016A676 /* UIKit.framework in Frameworks */ = {isa = PBXBuildFile; fileRef = 80BC5CAB18C92C750016A676 /* UIKit.framework */; };
		80BC5CB218C92C750016A676 /* InfoPlist.strings in Resources */ = {isa = PBXBuildFile; fileRef = 80BC5CB018C92C750016A676 /* InfoPlist.strings */; };
		80BC5CB418C92C750016A676 /* main.m in Sources */ = {isa = PBXBuildFile; fileRef = 80BC5CB318C92C750016A676 /* main.m */; };
		80BC5CB818C92C750016A676 /* BNRAppDelegate.m in Sources */ = {isa = PBXBuildFile; fileRef = 80BC5CB718C92C750016A676 /* BNRAppDelegate.m */; };
		80BC5CBA18C92C750016A676 /* Images.xcassets in Resources */ = {isa = PBXBuildFile; fileRef = 80BC5CB918C92C750016A676 /* Images.xcassets */; };
		80BC5CC118C92C750016A676 /* XCTest.framework in Frameworks */ = {isa = PBXBuildFile; fileRef = 80BC5CC018C92C750016A676 /* XCTest.framework */; };
		80BC5CC218C92C750016A676 /* Foundation.framework in Frameworks */ = {isa = PBXBuildFile; fileRef = 80BC5CA718C92C750016A676 /* Foundation.framework */; };
		80BC5CC318C92C750016A676 /* UIKit.framework in Frameworks */ = {isa = PBXBuildFile; fileRef = 80BC5CAB18C92C750016A676 /* UIKit.framework */; };
		80BC5CCB18C92C750016A676 /* InfoPlist.strings in Resources */ = {isa = PBXBuildFile; fileRef = 80BC5CC918C92C750016A676 /* InfoPlist.strings */; };
		80BC5CCD18C92C750016A676 /* QuizTests.m in Sources */ = {isa = PBXBuildFile; fileRef = 80BC5CCC18C92C750016A676 /* QuizTests.m */; };
		80BC5CD918C92F730016A676 /* BNRQuizViewController.m in Sources */ = {isa = PBXBuildFile; fileRef = 80BC5CD718C92F730016A676 /* BNRQuizViewController.m */; };
		80BC5CDA18C92F740016A676 /* BNRQuizViewController.xib in Resources */ = {isa = PBXBuildFile; fileRef = 80BC5CD818C92F730016A676 /* BNRQuizViewController.xib */; };
/* End PBXBuildFile section */

/* Begin PBXContainerItemProxy section */
		80BC5CC418C92C750016A676 /* PBXContainerItemProxy */ = {
			isa = PBXContainerItemProxy;
			containerPortal = 80BC5C9C18C92C750016A676 /* Project object */;
			proxyType = 1;
			remoteGlobalIDString = 80BC5CA318C92C750016A676;
			remoteInfo = Quiz;
		};
/* End PBXContainerItemProxy section */

/* Begin PBXFileReference section */
		80BC5CA418C92C750016A676 /* Quiz.app */ = {isa = PBXFileReference; explicitFileType = wrapper.application; includeInIndex = 0; path = Quiz.app; sourceTree = BUILT_PRODUCTS_DIR; };
		80BC5CA718C92C750016A676 /* Foundation.framework */ = {isa = PBXFileReference; lastKnownFileType = wrapper.framework; name = Foundation.framework; path = System/Library/Frameworks/Foundation.framework; sourceTree = SDKROOT; };
		80BC5CA918C92C750016A676 /* CoreGraphics.framework */ = {isa = PBXFileReference; lastKnownFileType = wrapper.framework; name = CoreGraphics.framework; path = System/Library/Frameworks/CoreGraphics.framework; sourceTree = SDKROOT; };
		80BC5CAB18C92C750016A676 /* UIKit.framework */ = {isa = PBXFileReference; lastKnownFileType = wrapper.framework; name = UIKit.framework; path = System/Library/Frameworks/UIKit.framework; sourceTree = SDKROOT; };
		80BC5CAF18C92C750016A676 /* Quiz-Info.plist */ = {isa = PBXFileReference; lastKnownFileType = text.plist.xml; path = "Quiz-Info.plist"; sourceTree = "<group>"; };
		80BC5CB118C92C750016A676 /* en */ = {isa = PBXFileReference; lastKnownFileType = text.plist.strings; name = en; path = en.lproj/InfoPlist.strings; sourceTree = "<group>"; };
		80BC5CB318C92C750016A676 /* main.m */ = {isa = PBXFileReference; lastKnownFileType = sourcecode.c.objc; path = main.m; sourceTree = "<group>"; };
		80BC5CB518C92C750016A676 /* Quiz-Prefix.pch */ = {isa = PBXFileReference; lastKnownFileType = sourcecode.c.h; path = "Quiz-Prefix.pch"; sourceTree = "<group>"; };
		80BC5CB618C92C750016A676 /* BNRAppDelegate.h */ = {isa = PBXFileReference; lastKnownFileType = sourcecode.c.h; path = BNRAppDelegate.h; sourceTree = "<group>"; };
		80BC5CB718C92C750016A676 /* BNRAppDelegate.m */ = {isa = PBXFileReference; lastKnownFileType = sourcecode.c.objc; path = BNRAppDelegate.m; sourceTree = "<group>"; };
		80BC5CB918C92C750016A676 /* Images.xcassets */ = {isa = PBXFileReference; lastKnownFileType = folder.assetcatalog; path = Images.xcassets; sourceTree = "<group>"; };
		80BC5CBF18C92C750016A676 /* QuizTests.xctest */ = {isa = PBXFileReference; explicitFileType = wrapper.cfbundle; includeInIndex = 0; path = QuizTests.xctest; sourceTree = BUILT_PRODUCTS_DIR; };
		80BC5CC018C92C750016A676 /* XCTest.framework */ = {isa = PBXFileReference; lastKnownFileType = wrapper.framework; name = XCTest.framework; path = Library/Frameworks/XCTest.framework; sourceTree = DEVELOPER_DIR; };
		80BC5CC818C92C750016A676 /* QuizTests-Info.plist */ = {isa = PBXFileReference; lastKnownFileType = text.plist.xml; path = "QuizTests-Info.plist"; sourceTree = "<group>"; };
		80BC5CCA18C92C750016A676 /* en */ = {isa = PBXFileReference; lastKnownFileType = text.plist.strings; name = en; path = en.lproj/InfoPlist.strings; sourceTree = "<group>"; };
		80BC5CCC18C92C750016A676 /* QuizTests.m */ = {isa = PBXFileReference; lastKnownFileType = sourcecode.c.objc; path = QuizTests.m; sourceTree = "<group>"; };
		80BC5CD618C92F730016A676 /* BNRQuizViewController.h */ = {isa = PBXFileReference; fileEncoding = 4; lastKnownFileType = sourcecode.c.h; path = BNRQuizViewController.h; sourceTree = "<group>"; };
		80BC5CD718C92F730016A676 /* BNRQuizViewController.m */ = {isa = PBXFileReference; fileEncoding = 4; lastKnownFileType = sourcecode.c.objc; path = BNRQuizViewController.m; sourceTree = "<group>"; };
		80BC5CD818C92F730016A676 /* BNRQuizViewController.xib */ = {isa = PBXFileReference; fileEncoding = 4; lastKnownFileType = file.xib; path = BNRQuizViewController.xib; sourceTree = "<group>"; };
/* End PBXFileReference section */

/* Begin PBXFrameworksBuildPhase section */
		80BC5CA118C92C750016A676 /* Frameworks */ = {
			isa = PBXFrameworksBuildPhase;
			buildActionMask = 2147483647;
			files = (
				80BC5CAA18C92C750016A676 /* CoreGraphics.framework in Frameworks */,
				80BC5CAC18C92C750016A676 /* UIKit.framework in Frameworks */,
				80BC5CA818C92C750016A676 /* Foundation.framework in Frameworks */,
			);
			runOnlyForDeploymentPostprocessing = 0;
		};
		80BC5CBC18C92C750016A676 /* Frameworks */ = {
			isa = PBXFrameworksBuildPhase;
			buildActionMask = 2147483647;
			files = (
				80BC5CC118C92C750016A676 /* XCTest.framework in Frameworks */,
				80BC5CC318C92C750016A676 /* UIKit.framework in Frameworks */,
				80BC5CC218C92C750016A676 /* Foundation.framework in Frameworks */,
			);
			runOnlyForDeploymentPostprocessing = 0;
		};
/* End PBXFrameworksBuildPhase section */

/* Begin PBXGroup section */
		80BC5C9B18C92C750016A676 = {
			isa = PBXGroup;
			children = (
				80BC5CAD18C92C750016A676 /* Quiz */,
				80BC5CC618C92C750016A676 /* QuizTests */,
				80BC5CA618C92C750016A676 /* Frameworks */,
				80BC5CA518C92C750016A676 /* Products */,
			);
			sourceTree = "<group>";
		};
		80BC5CA518C92C750016A676 /* Products */ = {
			isa = PBXGroup;
			children = (
				80BC5CA418C92C750016A676 /* Quiz.app */,
				80BC5CBF18C92C750016A676 /* QuizTests.xctest */,
			);
			name = Products;
			sourceTree = "<group>";
		};
		80BC5CA618C92C750016A676 /* Frameworks */ = {
			isa = PBXGroup;
			children = (
				80BC5CA718C92C750016A676 /* Foundation.framework */,
				80BC5CA918C92C750016A676 /* CoreGraphics.framework */,
				80BC5CAB18C92C750016A676 /* UIKit.framework */,
				80BC5CC018C92C750016A676 /* XCTest.framework */,
			);
			name = Frameworks;
			sourceTree = "<group>";
		};
		80BC5CAD18C92C750016A676 /* Quiz */ = {
			isa = PBXGroup;
			children = (
				80BC5CB618C92C750016A676 /* BNRAppDelegate.h */,
				80BC5CB718C92C750016A676 /* BNRAppDelegate.m */,
				80BC5CD618C92F730016A676 /* BNRQuizViewController.h */,
				80BC5CD718C92F730016A676 /* BNRQuizViewController.m */,
				80BC5CD818C92F730016A676 /* BNRQuizViewController.xib */,
				80BC5CB918C92C750016A676 /* Images.xcassets */,
				80BC5CAE18C92C750016A676 /* Supporting Files */,
			);
			path = Quiz;
			sourceTree = "<group>";
		};
		80BC5CAE18C92C750016A676 /* Supporting Files */ = {
			isa = PBXGroup;
			children = (
				80BC5CAF18C92C750016A676 /* Quiz-Info.plist */,
				80BC5CB018C92C750016A676 /* InfoPlist.strings */,
				80BC5CB318C92C750016A676 /* main.m */,
				80BC5CB518C92C750016A676 /* Quiz-Prefix.pch */,
			);
			name = "Supporting Files";
			sourceTree = "<group>";
		};
		80BC5CC618C92C750016A676 /* QuizTests */ = {
			isa = PBXGroup;
			children = (
				80BC5CCC18C92C750016A676 /* QuizTests.m */,
				80BC5CC718C92C750016A676 /* Supporting Files */,
			);
			path = QuizTests;
			sourceTree = "<group>";
		};
		80BC5CC718C92C750016A676 /* Supporting Files */ = {
			isa = PBXGroup;
			children = (
				80BC5CC818C92C750016A676 /* QuizTests-Info.plist */,
				80BC5CC918C92C750016A676 /* InfoPlist.strings */,
			);
			name = "Supporting Files";
			sourceTree = "<group>";
		};
/* End PBXGroup section */

/* Begin PBXNativeTarget section */
		80BC5CA318C92C750016A676 /* Quiz */ = {
			isa = PBXNativeTarget;
			buildConfigurationList = 80BC5CD018C92C760016A676 /* Build configuration list for PBXNativeTarget "Quiz" */;
			buildPhases = (
				80BC5CA018C92C750016A676 /* Sources */,
				80BC5CA118C92C750016A676 /* Frameworks */,
				80BC5CA218C92C750016A676 /* Resources */,
			);
			buildRules = (
			);
			dependencies = (
			);
			name = Quiz;
			productName = Quiz;
			productReference = 80BC5CA418C92C750016A676 /* Quiz.app */;
			productType = "com.apple.product-type.application";
		};
		80BC5CBE18C92C750016A676 /* QuizTests */ = {
			isa = PBXNativeTarget;
			buildConfigurationList = 80BC5CD318C92C760016A676 /* Build configuration list for PBXNativeTarget "QuizTests" */;
			buildPhases = (
				80BC5CBB18C92C750016A676 /* Sources */,
				80BC5CBC18C92C750016A676 /* Frameworks */,
				80BC5CBD18C92C750016A676 /* Resources */,
			);
			buildRules = (
			);
			dependencies = (
				80BC5CC518C92C750016A676 /* PBXTargetDependency */,
			);
			name = QuizTests;
			productName = QuizTests;
			productReference = 80BC5CBF18C92C750016A676 /* QuizTests.xctest */;
			productType = "com.apple.product-type.bundle.unit-test";
		};
/* End PBXNativeTarget section */

/* Begin PBXProject section */
		80BC5C9C18C92C750016A676 /* Project object */ = {
			isa = PBXProject;
			attributes = {
				CLASSPREFIX = BNR;
				LastUpgradeCheck = 0510;
				ORGANIZATIONNAME = "Lukas Spieß";
				TargetAttributes = {
					80BC5CBE18C92C750016A676 = {
						TestTargetID = 80BC5CA318C92C750016A676;
					};
				};
			};
			buildConfigurationList = 80BC5C9F18C92C750016A676 /* Build configuration list for PBXProject "Quiz" */;
			compatibilityVersion = "Xcode 3.2";
			developmentRegion = English;
			hasScannedForEncodings = 0;
			knownRegions = (
				en,
			);
			mainGroup = 80BC5C9B18C92C750016A676;
			productRefGroup = 80BC5CA518C92C750016A676 /* Products */;
			projectDirPath = "";
			projectRoot = "";
			targets = (
				80BC5CA318C92C750016A676 /* Quiz */,
				80BC5CBE18C92C750016A676 /* QuizTests */,
			);
		};
/* End PBXProject section */

/* Begin PBXResourcesBuildPhase section */
		80BC5CA218C92C750016A676 /* Resources */ = {
			isa = PBXResourcesBuildPhase;
			buildActionMask = 2147483647;
			files = (
				80BC5CB218C92C750016A676 /* InfoPlist.strings in Resources */,
				80BC5CDA18C92F740016A676 /* BNRQuizViewController.xib in Resources */,
				80BC5CBA18C92C750016A676 /* Images.xcassets in Resources */,
			);
			runOnlyForDeploymentPostprocessing = 0;
		};
		80BC5CBD18C92C750016A676 /* Resources */ = {
			isa = PBXResourcesBuildPhase;
			buildActionMask = 2147483647;
			files = (
				80BC5CCB18C92C750016A676 /* InfoPlist.strings in Resources */,
			);
			runOnlyForDeploymentPostprocessing = 0;
		};
/* End PBXResourcesBuildPhase section */

/* Begin PBXSourcesBuildPhase section */
		80BC5CA018C92C750016A676 /* Sources */ = {
			isa = PBXSourcesBuildPhase;
			buildActionMask = 2147483647;
			files = (
				80BC5CB418C92C750016A676 /* main.m in Sources */,
				80BC5CB818C92C750016A676 /* BNRAppDelegate.m in Sources */,
				80BC5CD918C92F730016A676 /* BNRQuizViewController.m in Sources */,
			);
			runOnlyForDeploymentPostprocessing = 0;
		};
		80BC5CBB18C92C750016A676 /* Sources */ = {
			isa = PBXSourcesBuildPhase;
			buildActionMask = 2147483647;
			files = (
				80BC5CCD18C92C750016A676 /* QuizTests.m in Sources */,
			);
			runOnlyForDeploymentPostprocessing = 0;
		};
/* End PBXSourcesBuildPhase section */

/* Begin PBXTargetDependency section */
		80BC5CC518C92C750016A676 /* PBXTargetDependency */ = {
			isa = PBXTargetDependency;
			target = 80BC5CA318C92C750016A676 /* Quiz */;
			targetProxy = 80BC5CC418C92C750016A676 /* PBXContainerItemProxy */;
		};
/* End PBXTargetDependency section */

/* Begin PBXVariantGroup section */
		80BC5CB018C92C750016A676 /* InfoPlist.strings */ = {
			isa = PBXVariantGroup;
			children = (
				80BC5CB118C92C750016A676 /* en */,
			);
			name = InfoPlist.strings;
			sourceTree = "<group>";
		};
		80BC5CC918C92C750016A676 /* InfoPlist.strings */ = {
			isa = PBXVariantGroup;
			children = (
				80BC5CCA18C92C750016A676 /* en */,
			);
			name = InfoPlist.strings;
			sourceTree = "<group>";
		};
/* End PBXVariantGroup section */

/* Begin XCBuildConfiguration section */
		80BC5CCE18C92C760016A676 /* Debug */ = {
			isa = XCBuildConfiguration;
			buildSettings = {
				ALWAYS_SEARCH_USER_PATHS = NO;
				CLANG_CXX_LANGUAGE_STANDARD = "gnu++0x";
				CLANG_CXX_LIBRARY = "libc++";
				CLANG_ENABLE_MODULES = YES;
				CLANG_ENABLE_OBJC_ARC = YES;
				CLANG_WARN_BOOL_CONVERSION = YES;
				CLANG_WARN_CONSTANT_CONVERSION = YES;
				CLANG_WARN_DIRECT_OBJC_ISA_USAGE = YES_ERROR;
				CLANG_WARN_EMPTY_BODY = YES;
				CLANG_WARN_ENUM_CONVERSION = YES;
				CLANG_WARN_INT_CONVERSION = YES;
				CLANG_WARN_OBJC_ROOT_CLASS = YES_ERROR;
				CLANG_WARN__DUPLICATE_METHOD_MATCH = YES;
				"CODE_SIGN_IDENTITY[sdk=iphoneos*]" = "iPhone Developer";
				COPY_PHASE_STRIP = NO;
				GCC_C_LANGUAGE_STANDARD = gnu99;
				GCC_DYNAMIC_NO_PIC = NO;
				GCC_OPTIMIZATION_LEVEL = 0;
				GCC_PREPROCESSOR_DEFINITIONS = (
					"DEBUG=1",
					"$(inherited)",
				);
				GCC_SYMBOLS_PRIVATE_EXTERN = NO;
				GCC_WARN_64_TO_32_BIT_CONVERSION = YES;
				GCC_WARN_ABOUT_RETURN_TYPE = YES_ERROR;
				GCC_WARN_UNDECLARED_SELECTOR = YES;
				GCC_WARN_UNINITIALIZED_AUTOS = YES_AGGRESSIVE;
				GCC_WARN_UNUSED_FUNCTION = YES;
				GCC_WARN_UNUSED_VARIABLE = YES;
				IPHONEOS_DEPLOYMENT_TARGET = 7.1;
				ONLY_ACTIVE_ARCH = YES;
				SDKROOT = iphoneos;
			};
			name = Debug;
		};
		80BC5CCF18C92C760016A676 /* Release */ = {
			isa = XCBuildConfiguration;
			buildSettings = {
				ALWAYS_SEARCH_USER_PATHS = NO;
				CLANG_CXX_LANGUAGE_STANDARD = "gnu++0x";
				CLANG_CXX_LIBRARY = "libc++";
				CLANG_ENABLE_MODULES = YES;
				CLANG_ENABLE_OBJC_ARC = YES;
				CLANG_WARN_BOOL_CONVERSION = YES;
				CLANG_WARN_CONSTANT_CONVERSION = YES;
				CLANG_WARN_DIRECT_OBJC_ISA_USAGE = YES_ERROR;
				CLANG_WARN_EMPTY_BODY = YES;
				CLANG_WARN_ENUM_CONVERSION = YES;
				CLANG_WARN_INT_CONVERSION = YES;
				CLANG_WARN_OBJC_ROOT_CLASS = YES_ERROR;
				CLANG_WARN__DUPLICATE_METHOD_MATCH = YES;
				"CODE_SIGN_IDENTITY[sdk=iphoneos*]" = "iPhone Developer";
				COPY_PHASE_STRIP = YES;
				ENABLE_NS_ASSERTIONS = NO;
				GCC_C_LANGUAGE_STANDARD = gnu99;
				GCC_WARN_64_TO_32_BIT_CONVERSION = YES;
				GCC_WARN_ABOUT_RETURN_TYPE = YES_ERROR;
				GCC_WARN_UNDECLARED_SELECTOR = YES;
				GCC_WARN_UNINITIALIZED_AUTOS = YES_AGGRESSIVE;
				GCC_WARN_UNUSED_FUNCTION = YES;
				GCC_WARN_UNUSED_VARIABLE = YES;
				IPHONEOS_DEPLOYMENT_TARGET = 7.1;
				SDKROOT = iphoneos;
				VALIDATE_PRODUCT = YES;
			};
			name = Release;
		};
		80BC5CD118C92C760016A676 /* Debug */ = {
			isa = XCBuildConfiguration;
			buildSettings = {
				ASSETCATALOG_COMPILER_APPICON_NAME = AppIcon;
				ASSETCATALOG_COMPILER_LAUNCHIMAGE_NAME = LaunchImage;
				GCC_PRECOMPILE_PREFIX_HEADER = YES;
				GCC_PREFIX_HEADER = "Quiz/Quiz-Prefix.pch";
				INFOPLIST_FILE = "Quiz/Quiz-Info.plist";
				PRODUCT_NAME = "$(TARGET_NAME)";
				PROVISIONING_PROFILE = "";
				WRAPPER_EXTENSION = app;
			};
			name = Debug;
		};
		80BC5CD218C92C760016A676 /* Release */ = {
			isa = XCBuildConfiguration;
			buildSettings = {
				ASSETCATALOG_COMPILER_APPICON_NAME = AppIcon;
				ASSETCATALOG_COMPILER_LAUNCHIMAGE_NAME = LaunchImage;
				GCC_PRECOMPILE_PREFIX_HEADER = YES;
				GCC_PREFIX_HEADER = "Quiz/Quiz-Prefix.pch";
				INFOPLIST_FILE = "Quiz/Quiz-Info.plist";
				PRODUCT_NAME = "$(TARGET_NAME)";
				PROVISIONING_PROFILE = "";
				WRAPPER_EXTENSION = app;
			};
			name = Release;
		};
		80BC5CD418C92C760016A676 /* Debug */ = {
			isa = XCBuildConfiguration;
			buildSettings = {
				BUNDLE_LOADER = "$(BUILT_PRODUCTS_DIR)/Quiz.app/Quiz";
				FRAMEWORK_SEARCH_PATHS = (
					"$(SDKROOT)/Developer/Library/Frameworks",
					"$(inherited)",
					"$(DEVELOPER_FRAMEWORKS_DIR)",
				);
				GCC_PRECOMPILE_PREFIX_HEADER = YES;
				GCC_PREFIX_HEADER = "Quiz/Quiz-Prefix.pch";
				GCC_PREPROCESSOR_DEFINITIONS = (
					"DEBUG=1",
					"$(inherited)",
				);
				INFOPLIST_FILE = "QuizTests/QuizTests-Info.plist";
				PRODUCT_NAME = "$(TARGET_NAME)";
				TEST_HOST = "$(BUNDLE_LOADER)";
				WRAPPER_EXTENSION = xctest;
			};
			name = Debug;
		};
		80BC5CD518C92C760016A676 /* Release */ = {
			isa = XCBuildConfiguration;
			buildSettings = {
				BUNDLE_LOADER = "$(BUILT_PRODUCTS_DIR)/Quiz.app/Quiz";
				FRAMEWORK_SEARCH_PATHS = (
					"$(SDKROOT)/Developer/Library/Frameworks",
					"$(inherited)",
					"$(DEVELOPER_FRAMEWORKS_DIR)",
				);
				GCC_PRECOMPILE_PREFIX_HEADER = YES;
				GCC_PREFIX_HEADER = "Quiz/Quiz-Prefix.pch";
				INFOPLIST_FILE = "QuizTests/QuizTests-Info.plist";
				PRODUCT_NAME = "$(TARGET_NAME)";
				TEST_HOST = "$(BUNDLE_LOADER)";
				WRAPPER_EXTENSION = xctest;
			};
			name = Release;
		};
/* End XCBuildConfiguration section */

/* Begin XCConfigurationList section */
		80BC5C9F18C92C750016A676 /* Build configuration list for PBXProject "Quiz" */ = {
			isa = XCConfigurationList;
			buildConfigurations = (
				80BC5CCE18C92C760016A676 /* Debug */,
				80BC5CCF18C92C760016A676 /* Release */,
			);
			defaultConfigurationIsVisible = 0;
			defaultConfigurationName = Release;
		};
		80BC5CD018C92C760016A676 /* Build configuration list for PBXNativeTarget "Quiz" */ = {
			isa = XCConfigurationList;
			buildConfigurations = (
				80BC5CD118C92C760016A676 /* Debug */,
				80BC5CD218C92C760016A676 /* Release */,
			);
			defaultConfigurationIsVisible = 0;
			defaultConfigurationName = Release;
		};
		80BC5CD318C92C760016A676 /* Build configuration list for PBXNativeTarget "QuizTests" */ = {
			isa = XCConfigurationList;
			buildConfigurations = (
				80BC5CD418C92C760016A676 /* Debug */,
				80BC5CD518C92C760016A676 /* Release */,
			);
			defaultConfigurationIsVisible = 0;
			defaultConfigurationName = Release;
		};
/* End XCConfigurationList section */
	};
	rootObject = 80BC5C9C18C92C750016A676 /* Project object */;
}
